
Microsoft Visual Studio Solution File, Format Version 12.00
# Visual Studio Version 17
VisualStudioVersion = 17.3.32825.248
MinimumVisualStudioVersion = 10.0.40219.1
Project("{FAE04EC0-301F-11D3-BF4B-00C04F79EFBC}") = "Generator", "Generator\Generator.csproj", "{915D8E77-B035-4E8B-966E-6F554A60BA4E}"
EndProject
Global
	GlobalSection(SolutionConfigurationPlatforms) = preSolution
		Debug|Any CPU = Debug|Any CPU
		Release|Any CPU = Release|Any CPU
	EndGlobalSection
	GlobalSection(ProjectConfigurationPlatforms) = postSolution
		{915D8E77-B035-4E8B-966E-6F554A60BA4E}.Debug|Any CPU.ActiveCfg = Debug|Any CPU
		{915D8E77-B035-4E8B-966E-6F554A60BA4E}.Debug|Any CPU.Build.0 = Debug|Any CPU
		{915D8E77-B035-4E8B-966E-6F554A60BA4E}.Release|Any CPU.ActiveCfg = Release|Any CPU
		{915D8E77-B035-4E8B-966E-6F554A60BA4E}.Release|Any CPU.Build.0 = Release|Any CPU
	EndGlobalSection
	GlobalSection(SolutionProperties) = preSolution
		HideSolutionNode = FALSE
	EndGlobalSection
	GlobalSection(ExtensibilityGlobals) = postSolution
		SolutionGuid = {262FC022-EC89-4F5D-BE4A-972CE88AFEC9}
	EndGlobalSection
EndGlobal
